{
    "name": "demo-word-addin",
    "version": "1.0.0",
    "lockfileVersion": 1,
    "requires": true,
    "dependencies": {
        "@microsoft/office-js-helpers": {
            "version": "1.0.2",
            "resolved": "https://registry.npmjs.org/@microsoft/office-js-helpers/-/office-js-helpers-1.0.2.tgz",
            "integrity": "sha1-BAID2Qneqn+V1TknQ36igDbTczs="
        },
        "@types/office-js": {
            "version": "0.0.51",
            "resolved": "https://registry.npmjs.org/@types/office-js/-/office-js-0.0.51.tgz",
            "integrity": "sha512-NIw11M12C5SDD5fsv6qd3ZG1GnLNAiLBiGBHsrW8XX1c7gYKXpAClOiOcFLGGw46cwld0XhW6EsZ6X6CEEPL/w==",
            "dev": true
        },
        "@types/react": {
            "version": "16.4.13",
            "resolved": "https://registry.npmjs.org/@types/react/-/react-16.4.13.tgz",
            "integrity": "sha512-a2Z7UmwnAzZ23bTHV6on141S8vvSC7MEJGG85R5/VG80ybzkt5QJqNzlaJ0Y6OX1dncrXFW8B0vWPIx7QuOUqA==",
            "dev": true
        },
        "@types/react-dom": {
            "version": "16.0.7",
            "resolved": "https://registry.npmjs.org/@types/react-dom/-/react-dom-16.0.7.tgz",
            "integrity": "sha512-vaq4vMaJOaNgFff1t3LnHYr6vRa09vRspMkmLdXtFZmO1fwDI2snP+dpOkwrtlU8UC8qsqemCu4RmVM2OLq/fA==",
            "dev": true
        },
        "@types/react-hot-loader": {
            "version": "3.0.6",
            "resolved": "https://registry.npmjs.org/@types/react-hot-loader/-/react-hot-loader-3.0.6.tgz",
            "integrity": "sha512-GdGUhpcFbx/outNfNMRll0skfuD9Awqh2U/jZHII1MLBGT3cDc61dr36t9X8niYgtYQwDizOl5afRo3tYnP+2Q==",
            "dev": true
        },
        "@types/webpack": {
            "version": "2.2.12",
            "resolved": "https://registry.npmjs.org/@types/webpack/-/webpack-2.2.12.tgz",
            "integrity": "sha1-Xiq4K1tDz63LMI0yEMCCz2f9mJM=",
            "dev": true
        },
        "@types/webpack-dev-server": {
            "version": "1.12.6",
            "resolved": "https://registry.npmjs.org/@types/webpack-dev-server/-/webpack-dev-server-1.12.6.tgz",
            "integrity": "sha1-Qy0j792i0DVaq4/ToteugtD7Ofg=",
            "dev": true
        },
        "autoprefixer": {
            "version": "6.7.7",
            "resolved": "https://registry.npmjs.org/autoprefixer/-/autoprefixer-6.7.7.tgz",
            "integrity": "sha1-Hb0cg1ZY41zj+ZhAmdsAWFx4IBQ=",
            "dev": true
        },
        "copy-webpack-plugin": {
            "version": "4.0.1",
            "resolved": "https://registry.npmjs.org/copy-webpack-plugin/-/copy-webpack-plugin-4.0.1.tgz",
            "integrity": "sha1-lyjjg7lDFgUNDHRjlY8rhcCqggA=",
            "dev": true
        },
        "core-js": {
            "version": "2.5.7",
            "resolved": "https://registry.npmjs.org/core-js/-/core-js-2.5.7.tgz",
            "integrity": "sha512-RszJCAxg/PP6uzXVXL6BsxSXx/B05oJAQ2vkJRjyjrEcNVycaqOmNb5OTxZPE3xa5gwZduqza6L9JOCenh/Ecw=="
        },
        "css-loader": {
            "version": "0.27.3",
            "resolved": "https://registry.npmjs.org/css-loader/-/css-loader-0.27.3.tgz",
            "integrity": "sha1-aatvR7ab+xtazuYbrCqrFDAv8Nw=",
            "dev": true,
            "dependencies": {
                "loader-utils": {
                    "version": "1.1.0",
                    "resolved": "https://registry.npmjs.org/loader-utils/-/loader-utils-1.1.0.tgz",
                    "integrity": "sha1-yYrvSIvM7aL/teLeZG1qdUQp9c0="
                }
            }
        },
        "extract-text-webpack-plugin": {
            "version": "2.1.0",
            "resolved": "https://registry.npmjs.org/extract-text-webpack-plugin/-/extract-text-webpack-plugin-2.1.0.tgz",
            "integrity": "sha1-aTFbiF+Hbb+W04Gfap8cynrr8Vk=",
            "dev": true,
            "dependencies": {
                "loader-utils": {
                    "version": "1.1.0",
                    "resolved": "https://registry.npmjs.org/loader-utils/-/loader-utils-1.1.0.tgz",
                    "integrity": "sha1-yYrvSIvM7aL/teLeZG1qdUQp9c0="
                }
            }
        },
        "file-loader": {
            "version": "0.10.1",
            "resolved": "https://registry.npmjs.org/file-loader/-/file-loader-0.10.1.tgz",
            "integrity": "sha1-gVA0EZiR/GRB+1pkwRvJPCLd2EI=",
            "dev": true,
            "dependencies": {
                "loader-utils": {
                    "version": "1.1.0",
                    "resolved": "https://registry.npmjs.org/loader-utils/-/loader-utils-1.1.0.tgz",
                    "integrity": "sha1-yYrvSIvM7aL/teLeZG1qdUQp9c0="
                }
            }
        },
        "html-webpack-plugin": {
            "version": "2.28.0",
            "resolved": "https://registry.npmjs.org/html-webpack-plugin/-/html-webpack-plugin-2.28.0.tgz",
            "integrity": "sha1-LnhjtX5f1I/iYzA+L/yTTDBk0Ak=",
            "dev": true,
            "dependencies": {
                "bluebird": {
                    "version": "3.5.2",
                    "resolved": "https://registry.npmjs.org/bluebird/-/bluebird-3.5.2.tgz",
                    "integrity": "sha512-dhHTWMI7kMx5whMQntl7Vr9C6BvV10lFXDAasnqnrMYhXVCzzk6IO9Fo2L75jXHT07WrOngL1WDXOp+yYS91Yg=="
                }
            }
        },
        "less": {
            "version": "3.8.1",
            "resolved": "https://registry.npmjs.org/less/-/less-3.8.1.tgz",
            "integrity": "sha512-8HFGuWmL3FhQR0aH89escFNBQH/nEiYPP2ltDFdQw2chE28Yx2E3lhAIq9Y2saYwLSwa699s4dBVEfCY8Drf7Q==",
            "dev": true,
            "dependencies": {
                "clone": {
                    "version": "2.1.2",
                    "resolved": "https://registry.npmjs.org/clone/-/clone-2.1.2.tgz",
                    "integrity": "sha1-G39Ln1kfHo+DZwQBYANFoCiHQ18="
                }
            }
        },
        "less-loader": {
            "version": "4.1.0",
            "resolved": "https://registry.npmjs.org/less-loader/-/less-loader-4.1.0.tgz",
            "integrity": "sha512-KNTsgCE9tMOM70+ddxp9yyt9iHqgmSs0yTZc5XH5Wo+g80RWRIYNqE58QJKm/yMud5wZEvz50ugRDuzVIkyahg==",
            "dev": true,
            "dependencies": {
                "clone": {
                    "version": "2.1.2",
                    "resolved": "https://registry.npmjs.org/clone/-/clone-2.1.2.tgz",
                    "integrity": "sha1-G39Ln1kfHo+DZwQBYANFoCiHQ18="
                },
                "loader-utils": {
                    "version": "1.1.0",
                    "resolved": "https://registry.npmjs.org/loader-utils/-/loader-utils-1.1.0.tgz",
                    "integrity": "sha1-yYrvSIvM7aL/teLeZG1qdUQp9c0="
                }
            }
        },
        "office-addin-validator": {
            "version": "1.0.5",
            "resolved": "https://registry.npmjs.org/office-addin-validator/-/office-addin-validator-1.0.5.tgz",
            "integrity": "sha1-kZHjaOKXpGdk+yCztwChxaSbWTg=",
            "dev": true
        },
        "office-toolbox": {
            "version": "0.1.0",
            "resolved": "https://registry.npmjs.org/office-toolbox/-/office-toolbox-0.1.0.tgz",
            "integrity": "sha512-1z+asaGcEc3/P+uAcwYNgnHIUPeItUrCLKdcPTWFqU/7qfnv21C36LY4YFJ5dFNSxACEtd1x+iR4M3QvUxABlA==",
            "dev": true,
            "dependencies": {
                "ansi-styles": {
                    "version": "3.2.1",
                    "resolved": "https://registry.npmjs.org/ansi-styles/-/ansi-styles-3.2.1.tgz",
                    "integrity": "sha512-VT0ZI6kZRdTh8YyJw3SMbYm/u+NqfsAxEpWO0Pf9sq8/e94WxxOpPKx9FR1FlyCtOVDNOQ+8ntlqFxiRc+r5qA=="
                },
                "chalk": {
                    "version": "2.4.1",
                    "resolved": "https://registry.npmjs.org/chalk/-/chalk-2.4.1.tgz",
                    "integrity": "sha512-ObN6h1v2fTJSmUXoS3nMQ92LbDK9be4TV+6G+omQlGJFdcUX5heKi1LZ1YnRMIgwTLEj3E24bT6tYni50rlCfQ=="
                },
                "fs-extra": {
                    "version": "3.0.1",
                    "resolved": "https://registry.npmjs.org/fs-extra/-/fs-extra-3.0.1.tgz",
                    "integrity": "sha1-N5TzeMWLNC6n27sjCVEJxLO2IpE="
                },
                "has-flag": {
                    "version": "3.0.0",
                    "resolved": "https://registry.npmjs.org/has-flag/-/has-flag-3.0.0.tgz",
                    "integrity": "sha1-tdRU3CGZriJWmfNGfloH87lVuv0="
                },
                "jsonfile": {
                    "version": "3.0.1",
                    "resolved": "https://registry.npmjs.org/jsonfile/-/jsonfile-3.0.1.tgz",
                    "integrity": "sha1-pezG9l9T9mLEQVx2daAzHQmS7GY="
                },
                "supports-color": {
                    "version": "5.5.0",
                    "resolved": "https://registry.npmjs.org/supports-color/-/supports-color-5.5.0.tgz",
                    "integrity": "sha512-QjVjwdXIt408MIiAqCX4oUKsgU2EqAGzs2Ppkm4aQYbjm+ZEWEcW4SfFNTr4uMNZma0ey4f5lgLrkB0aX0QMow=="
                }
            }
        },
        "office-ui-fabric-react": {
            "version": "5.122.3",
            "resolved": "https://registry.npmjs.org/office-ui-fabric-react/-/office-ui-fabric-react-5.122.3.tgz",
            "integrity": "sha512-yBrx8rgjnMp6ynBDyk8szqM5mHP1IMhqX1d4vMWA06akw7/cLtE0hETRJ1FMgNgzrMWwGy36hf3g1zqTXR1gsQ=="
        },
        "postcss-loader": {
            "version": "1.3.3",
            "resolved": "https://registry.npmjs.org/postcss-loader/-/postcss-loader-1.3.3.tgz",
            "integrity": "sha1-piHqH6KQYqg5cqRvVEhncTAZFus=",
            "dev": true,
            "dependencies": {
                "loader-utils": {
                    "version": "1.1.0",
                    "resolved": "https://registry.npmjs.org/loader-utils/-/loader-utils-1.1.0.tgz",
                    "integrity": "sha1-yYrvSIvM7aL/teLeZG1qdUQp9c0="
                }
            }
        },
        "react": {
            "version": "16.4.2",
            "resolved": "https://registry.npmjs.org/react/-/react-16.4.2.tgz",
            "integrity": "sha512-dMv7YrbxO4y2aqnvA7f/ik9ibeLSHQJTI6TrYAenPSaQ6OXfb+Oti+oJiy8WBxgRzlKatYqtCjphTgDSCEiWFg=="
        },
        "react-dom": {
            "version": "16.4.2",
            "resolved": "https://registry.npmjs.org/react-dom/-/react-dom-16.4.2.tgz",
            "integrity": "sha512-Usl73nQqzvmJN+89r97zmeUpQDKDlh58eX6Hbs/ERdDHzeBzWy+ENk7fsGQ+5KxArV1iOFPT46/VneklK9zoWw=="
        },
        "react-hot-loader": {
            "version": "3.1.3",
            "resolved": "https://registry.npmjs.org/react-hot-loader/-/react-hot-loader-3.1.3.tgz",
            "integrity": "sha512-d7nZf78irxoGN5PY4zd6CSgZiroOhvIWzRast3qwTn4sSnBwlt08kV8WMQ9mitmxEdlCTwZt+5ClrRSjxWguMQ==",
            "dev": true
        },
        "rimraf": {
            "version": "2.6.1",
            "resolved": "https://registry.npmjs.org/rimraf/-/rimraf-2.6.1.tgz",
            "integrity": "sha1-wjOOxkPfeht/5cVPqG9XQopV8z0=",
            "dev": true,
            "dependencies": {
                "glob": {
                    "version": "7.1.3",
                    "resolved": "https://registry.npmjs.org/glob/-/glob-7.1.3.tgz",
                    "integrity": "sha512-vcfuiIxogLV4DlGBHIUOwI0IbrJ8HWPc4MU7HzviGeNho/UJDfi6B5p3sHeWIQ0KGIU0Jpxi5ZHxemQfLkkAwQ=="
                }
            }
        },
        "style-loader": {
            "version": "0.16.0",
            "resolved": "https://registry.npmjs.org/style-loader/-/style-loader-0.16.0.tgz",
            "integrity": "sha1-XwAam/WP/5/UD4qjuXOKuZ1AAMc=",
            "dev": true,
            "dependencies": {
                "loader-utils": {
                    "version": "1.1.0",
                    "resolved": "https://registry.npmjs.org/loader-utils/-/loader-utils-1.1.0.tgz",
                    "integrity": "sha1-yYrvSIvM7aL/teLeZG1qdUQp9c0="
                }
            }
        },
        "ts-loader": {
            "version": "3.5.0",
            "resolved": "http://registry.npmjs.org/ts-loader/-/ts-loader-3.5.0.tgz",
            "integrity": "sha512-JTia3kObhTk36wPFgy0RnkZReiusYx7Le9IhcUWRrCTcFcr6Dy1zGsFd3x8DG4gevlbN65knI8W50FfoykXcng==",
            "dev": true,
            "dependencies": {
                "ansi-styles": {
                    "version": "3.2.1",
                    "resolved": "https://registry.npmjs.org/ansi-styles/-/ansi-styles-3.2.1.tgz",
                    "integrity": "sha512-VT0ZI6kZRdTh8YyJw3SMbYm/u+NqfsAxEpWO0Pf9sq8/e94WxxOpPKx9FR1FlyCtOVDNOQ+8ntlqFxiRc+r5qA=="
                },
                "chalk": {
                    "version": "2.4.1",
                    "resolved": "https://registry.npmjs.org/chalk/-/chalk-2.4.1.tgz",
                    "integrity": "sha512-ObN6h1v2fTJSmUXoS3nMQ92LbDK9be4TV+6G+omQlGJFdcUX5heKi1LZ1YnRMIgwTLEj3E24bT6tYni50rlCfQ=="
                },
                "has-flag": {
                    "version": "3.0.0",
                    "resolved": "https://registry.npmjs.org/has-flag/-/has-flag-3.0.0.tgz",
                    "integrity": "sha1-tdRU3CGZriJWmfNGfloH87lVuv0="
                },
                "loader-utils": {
                    "version": "1.1.0",
                    "resolved": "https://registry.npmjs.org/loader-utils/-/loader-utils-1.1.0.tgz",
                    "integrity": "sha1-yYrvSIvM7aL/teLeZG1qdUQp9c0="
                },
                "supports-color": {
                    "version": "5.5.0",
                    "resolved": "https://registry.npmjs.org/supports-color/-/supports-color-5.5.0.tgz",
                    "integrity": "sha512-QjVjwdXIt408MIiAqCX4oUKsgU2EqAGzs2Ppkm4aQYbjm+ZEWEcW4SfFNTr4uMNZma0ey4f5lgLrkB0aX0QMow=="
                }
            }
        },
        "tslint": {
            "version": "5.11.0",
            "resolved": "https://registry.npmjs.org/tslint/-/tslint-5.11.0.tgz",
            "integrity": "sha1-mPMMAurjzecAYgHkwzywi0hYHu0=",
            "dev": true,
            "dependencies": {
                "ansi-styles": {
                    "version": "3.2.1",
                    "resolved": "https://registry.npmjs.org/ansi-styles/-/ansi-styles-3.2.1.tgz",
                    "integrity": "sha512-VT0ZI6kZRdTh8YyJw3SMbYm/u+NqfsAxEpWO0Pf9sq8/e94WxxOpPKx9FR1FlyCtOVDNOQ+8ntlqFxiRc+r5qA=="
                },
                "chalk": {
                    "version": "2.4.1",
                    "resolved": "https://registry.npmjs.org/chalk/-/chalk-2.4.1.tgz",
                    "integrity": "sha512-ObN6h1v2fTJSmUXoS3nMQ92LbDK9be4TV+6G+omQlGJFdcUX5heKi1LZ1YnRMIgwTLEj3E24bT6tYni50rlCfQ=="
                },
                "glob": {
                    "version": "7.1.3",
                    "resolved": "https://registry.npmjs.org/glob/-/glob-7.1.3.tgz",
                    "integrity": "sha512-vcfuiIxogLV4DlGBHIUOwI0IbrJ8HWPc4MU7HzviGeNho/UJDfi6B5p3sHeWIQ0KGIU0Jpxi5ZHxemQfLkkAwQ=="
                },
                "has-flag": {
                    "version": "3.0.0",
                    "resolved": "https://registry.npmjs.org/has-flag/-/has-flag-3.0.0.tgz",
                    "integrity": "sha1-tdRU3CGZriJWmfNGfloH87lVuv0="
                },
                "supports-color": {
                    "version": "5.5.0",
                    "resolved": "https://registry.npmjs.org/supports-color/-/supports-color-5.5.0.tgz",
                    "integrity": "sha512-QjVjwdXIt408MIiAqCX4oUKsgU2EqAGzs2Ppkm4aQYbjm+ZEWEcW4SfFNTr4uMNZma0ey4f5lgLrkB0aX0QMow=="
                }
            }
        },
        "typescript": {
            "version": "2.9.2",
            "resolved": "https://registry.npmjs.org/typescript/-/typescript-2.9.2.tgz",
            "integrity": "sha512-Gr4p6nFNaoufRIY4NMdpQRNmgxVIGMs4Fcu/ujdYk3nAZqk7supzBE9idmvfZIlH/Cuj//dvi+019qEue9lV0w==",
            "dev": true
        },
        "webpack": {
            "version": "3.12.0",
            "resolved": "https://registry.npmjs.org/webpack/-/webpack-3.12.0.tgz",
            "integrity": "sha512-Sw7MdIIOv/nkzPzee4o0EdvCuPmxT98+vVpIvwtcwcF1Q4SDSNp92vwcKc4REe7NItH9f1S4ra9FuQ7yuYZ8bQ==",
            "dev": true,
            "dependencies": {
                "ajv": {
                    "version": "6.5.3",
                    "resolved": "https://registry.npmjs.org/ajv/-/ajv-6.5.3.tgz",
                    "integrity": "sha512-LqZ9wY+fx3UMiiPd741yB2pj3hhil+hQc8taf4o2QGRFpWgZ2V5C8HA165DY9sS3fJwsk7uT7ZlFEyC3Ig3lLg=="
                },
                "fast-deep-equal": {
                    "version": "2.0.1",
                    "resolved": "https://registry.npmjs.org/fast-deep-equal/-/fast-deep-equal-2.0.1.tgz",
                    "integrity": "sha1-ewUhjd+WZ79/Nwv3/bLLFf3Qqkk="
                },
                "has-flag": {
                    "version": "2.0.0",
                    "resolved": "https://registry.npmjs.org/has-flag/-/has-flag-2.0.0.tgz",
                    "integrity": "sha1-6CB68cx7MNRGzHC3NLXovhj4jVE="
                },
                "json-schema-traverse": {
                    "version": "0.4.1",
                    "resolved": "https://registry.npmjs.org/json-schema-traverse/-/json-schema-traverse-0.4.1.tgz",
                    "integrity": "sha512-xbbCH5dCYU5T8LcEhhuh7HJ88HXuW3qsI3Y0zOZFKfZEHcpWiHU/Jxzk629Brsab/mMiHQti9wMP+845RPe3Vg=="
                },
                "loader-utils": {
                    "version": "1.1.0",
                    "resolved": "https://registry.npmjs.org/loader-utils/-/loader-utils-1.1.0.tgz",
                    "integrity": "sha1-yYrvSIvM7aL/teLeZG1qdUQp9c0="
                },
                "source-list-map": {
                    "version": "2.0.0",
                    "resolved": "https://registry.npmjs.org/source-list-map/-/source-list-map-2.0.0.tgz",
                    "integrity": "sha512-I2UmuJSRr/T8jisiROLU3A3ltr+swpniSmNPI4Ml3ZCX6tVnDsuZzK7F2hl5jTqbZBWCEKlj5HRQiPExXLgE8A=="
                },
                "source-map": {
                    "version": "0.5.7",
                    "resolved": "https://registry.npmjs.org/source-map/-/source-map-0.5.7.tgz",
                    "integrity": "sha1-igOdLRAh0i0eoUyA2OpGi6LvP8w="
                },
                "supports-color": {
                    "version": "4.5.0",
                    "resolved": "https://registry.npmjs.org/supports-color/-/supports-color-4.5.0.tgz",
                    "integrity": "sha1-vnoN5ITexcXN34s9WRJQRJEvY1s="
                },
                "webpack-sources": {
                    "version": "1.2.0",
                    "resolved": "https://registry.npmjs.org/webpack-sources/-/webpack-sources-1.2.0.tgz",
                    "integrity": "sha512-9BZwxR85dNsjWz3blyxdOhTgtnQvv3OEs5xofI0wPYTwu5kaWxS08UuD1oI7WLBLpRO+ylf0ofnXLXWmGb2WMw==",
                    "dependencies": {
                        "source-map": {
                            "version": "0.6.1",
                            "resolved": "https://registry.npmjs.org/source-map/-/source-map-0.6.1.tgz",
                            "integrity": "sha512-UjgapumWlbMhkBgzT7Ykc5YXUT46F0iKu8SGXq0bcwP5dz/h0Plj6enJqjz1Zbq2l5WaqYnrVbwWOWMyF3F47g=="
                        }
                    }
                }
            }
        },
        "webpack-dev-server": {
            "version": "2.11.3",
            "resolved": "https://registry.npmjs.org/webpack-dev-server/-/webpack-dev-server-2.11.3.tgz",
            "integrity": "sha512-Qz22YEFhWx+M2vvJ+rQppRv39JA0h5NNbOOdODApdX6iZ52Diz7vTPXjF7kJlfn+Uc24Qr48I3SZ9yncQwRycg==",
            "dev": true,
            "dependencies": {
                "camelcase": {
                    "version": "3.0.0",
                    "resolved": "https://registry.npmjs.org/camelcase/-/camelcase-3.0.0.tgz",
                    "integrity": "sha1-MvxLn82vhF/N9+c7uXysImHwqwo="
                },
                "cliui": {
                    "version": "3.2.0",
                    "resolved": "https://registry.npmjs.org/cliui/-/cliui-3.2.0.tgz",
                    "integrity": "sha1-EgYBU3qRbSmUD5NNo7SNWFo5IT0="
                },
                "debug": {
                    "version": "3.1.0",
                    "resolved": "https://registry.npmjs.org/debug/-/debug-3.1.0.tgz",
                    "integrity": "sha512-OX8XqP7/1a9cqkxYw2yXss15f26NKWBpDXQd0/uK/KPqdQhxbPa994hnzjcE2VqQpDslf55723cKPUOGSmMY3g=="
                },
                "find-up": {
                    "version": "1.1.2",
                    "resolved": "https://registry.npmjs.org/find-up/-/find-up-1.1.2.tgz",
                    "integrity": "sha1-ay6YIrGizgpgq2TWEOzK1TyyTQ8="
                },
                "has-flag": {
                    "version": "3.0.0",
                    "resolved": "https://registry.npmjs.org/has-flag/-/has-flag-3.0.0.tgz",
                    "integrity": "sha1-tdRU3CGZriJWmfNGfloH87lVuv0="
                },
                "is-fullwidth-code-point": {
                    "version": "1.0.0",
                    "resolved": "https://registry.npmjs.org/is-fullwidth-code-point/-/is-fullwidth-code-point-1.0.0.tgz",
                    "integrity": "sha1-754xOG8DGn8NZDr4L95QxFfvAMs="
                },
                "load-json-file": {
                    "version": "1.1.0",
                    "resolved": "https://registry.npmjs.org/load-json-file/-/load-json-file-1.1.0.tgz",
                    "integrity": "sha1-lWkFcI1YtLq0wiYbBPWfMcmTdMA="
                },
                "os-locale": {
                    "version": "1.4.0",
                    "resolved": "https://registry.npmjs.org/os-locale/-/os-locale-1.4.0.tgz",
                    "integrity": "sha1-IPnxeuKe00XoveWDsT0gCYA8FNk="
                },
                "path-exists": {
                    "version": "2.1.0",
                    "resolved": "https://registry.npmjs.org/path-exists/-/path-exists-2.1.0.tgz",
                    "integrity": "sha1-D+tsZPD8UY2adU3V77YscCJ2H0s="
                },
                "path-type": {
                    "version": "1.1.0",
                    "resolved": "https://registry.npmjs.org/path-type/-/path-type-1.1.0.tgz",
                    "integrity": "sha1-WcRPfuSR2nBNpBXaWkBwuk+P5EE="
                },
                "pify": {
                    "version": "2.3.0",
                    "resolved": "https://registry.npmjs.org/pify/-/pify-2.3.0.tgz",
                    "integrity": "sha1-7RQaasBDqEnqWISY59yosVMw6Qw="
                },
                "read-pkg": {
                    "version": "1.1.0",
                    "resolved": "https://registry.npmjs.org/read-pkg/-/read-pkg-1.1.0.tgz",
                    "integrity": "sha1-9f+qXs0pyzHAR0vKfXVra7KePyg="
                },
                "read-pkg-up": {
                    "version": "1.0.1",
                    "resolved": "https://registry.npmjs.org/read-pkg-up/-/read-pkg-up-1.0.1.tgz",
                    "integrity": "sha1-nWPBMnbAZZGNV/ACpX9AobZD+wI="
                },
                "string-width": {
                    "version": "1.0.2",
                    "resolved": "https://registry.npmjs.org/string-width/-/string-width-1.0.2.tgz",
                    "integrity": "sha1-EYvfW4zcUaKn5w0hHgfisLmxB9M="
                },
                "strip-bom": {
                    "version": "2.0.0",
                    "resolved": "https://registry.npmjs.org/strip-bom/-/strip-bom-2.0.0.tgz",
                    "integrity": "sha1-YhmoVhZSBJHzV4i9vxRHqZx+aw4="
                },
                "supports-color": {
                    "version": "5.5.0",
                    "resolved": "https://registry.npmjs.org/supports-color/-/supports-color-5.5.0.tgz",
                    "integrity": "sha512-QjVjwdXIt408MIiAqCX4oUKsgU2EqAGzs2Ppkm4aQYbjm+ZEWEcW4SfFNTr4uMNZma0ey4f5lgLrkB0aX0QMow=="
                },
                "which-module": {
                    "version": "1.0.0",
                    "resolved": "https://registry.npmjs.org/which-module/-/which-module-1.0.0.tgz",
                    "integrity": "sha1-u6Y8qGGUiZT/MHc2CJ47lgJsKk8="
                },
                "yargs": {
                    "version": "6.6.0",
                    "resolved": "https://registry.npmjs.org/yargs/-/yargs-6.6.0.tgz",
                    "integrity": "sha1-eC7CHvQDNF+DCoCMo9UTr1YGUgg="
                },
                "yargs-parser": {
                    "version": "4.2.1",
                    "resolved": "https://registry.npmjs.org/yargs-parser/-/yargs-parser-4.2.1.tgz",
                    "integrity": "sha1-KczqwNxPA8bIe0qfIX3RjJ90hxw="
                }
            }
        },
        "webpack-merge": {
            "version": "4.1.4",
            "resolved": "https://registry.npmjs.org/webpack-merge/-/webpack-merge-4.1.4.tgz",
            "integrity": "sha512-TmSe1HZKeOPey3oy1Ov2iS3guIZjWvMT2BBJDzzT5jScHTjVC3mpjJofgueEzaEd6ibhxRDD6MIblDr8tzh8iQ==",
            "dev": true
        }
    }
}
